// !$*UTF8*$!
{
	archiveVersion = 1;
	classes = {
	};
	objectVersion = 50;
	objects = {

/* Begin PBXBuildFile section */
		044EB9EB265E465D008F1331 /* ModRoundedButton.swift in Sources */ = {isa = PBXBuildFile; fileRef = 044EB9EA265E465D008F1331 /* ModRoundedButton.swift */; };
		045BCD4826622E6A00AB862E /* PortraitModeView.swift in Sources */ = {isa = PBXBuildFile; fileRef = 045BCD4726622E6A00AB862E /* PortraitModeView.swift */; };
		045BCD4A2662377400AB862E /* LanScapeModeView.swift in Sources */ = {isa = PBXBuildFile; fileRef = 045BCD492662377400AB862E /* LanScapeModeView.swift */; };
		04E34C5F266094C5004628A4 /* Calculating.swift in Sources */ = {isa = PBXBuildFile; fileRef = 04E34C5E266094C5004628A4 /* Calculating.swift */; };
		04E34C632660CC37004628A4 /* SideMenuController.swift in Sources */ = {isa = PBXBuildFile; fileRef = 04E34C622660CC37004628A4 /* SideMenuController.swift */; };
		04E34C6B2660D8A9004628A4 /* Styles.swift in Sources */ = {isa = PBXBuildFile; fileRef = 04E34C6A2660D8A9004628A4 /* Styles.swift */; };
		04ECDD1A265B45A400A84FAF /* AppDelegate.swift in Sources */ = {isa = PBXBuildFile; fileRef = 04ECDD19265B45A400A84FAF /* AppDelegate.swift */; };
		04ECDD1C265B45A400A84FAF /* SceneDelegate.swift in Sources */ = {isa = PBXBuildFile; fileRef = 04ECDD1B265B45A400A84FAF /* SceneDelegate.swift */; };
		04ECDD1E265B45A400A84FAF /* ViewController.swift in Sources */ = {isa = PBXBuildFile; fileRef = 04ECDD1D265B45A400A84FAF /* ViewController.swift */; };
		04ECDD21265B45A400A84FAF /* Main.storyboard in Resources */ = {isa = PBXBuildFile; fileRef = 04ECDD1F265B45A400A84FAF /* Main.storyboard */; };
		04ECDD23265B45A400A84FAF /* Assets.xcassets in Resources */ = {isa = PBXBuildFile; fileRef = 04ECDD22265B45A400A84FAF /* Assets.xcassets */; };
		04ECDD26265B45A400A84FAF /* LaunchScreen.storyboard in Resources */ = {isa = PBXBuildFile; fileRef = 04ECDD24265B45A400A84FAF /* LaunchScreen.storyboard */; };
/* End PBXBuildFile section */

/* Begin PBXFileReference section */
		044EB9EA265E465D008F1331 /* ModRoundedButton.swift */ = {isa = PBXFileReference; lastKnownFileType = sourcecode.swift; path = ModRoundedButton.swift; sourceTree = "<group>"; };
		045BCD4726622E6A00AB862E /* PortraitModeView.swift */ = {isa = PBXFileReference; lastKnownFileType = sourcecode.swift; path = PortraitModeView.swift; sourceTree = "<group>"; };
		045BCD492662377400AB862E /* LanScapeModeView.swift */ = {isa = PBXFileReference; lastKnownFileType = sourcecode.swift; path = LanScapeModeView.swift; sourceTree = "<group>"; };
		04E34C5E266094C5004628A4 /* Calculating.swift */ = {isa = PBXFileReference; lastKnownFileType = sourcecode.swift; path = Calculating.swift; sourceTree = "<group>"; };
		04E34C622660CC37004628A4 /* SideMenuController.swift */ = {isa = PBXFileReference; lastKnownFileType = sourcecode.swift; path = SideMenuController.swift; sourceTree = "<group>"; };
		04E34C6A2660D8A9004628A4 /* Styles.swift */ = {isa = PBXFileReference; lastKnownFileType = sourcecode.swift; path = Styles.swift; sourceTree = "<group>"; };
		04ECDD16265B45A400A84FAF /* Calculator.app */ = {isa = PBXFileReference; explicitFileType = wrapper.application; includeInIndex = 0; path = Calculator.app; sourceTree = BUILT_PRODUCTS_DIR; };
		04ECDD19265B45A400A84FAF /* AppDelegate.swift */ = {isa = PBXFileReference; lastKnownFileType = sourcecode.swift; path = AppDelegate.swift; sourceTree = "<group>"; };
		04ECDD1B265B45A400A84FAF /* SceneDelegate.swift */ = {isa = PBXFileReference; lastKnownFileType = sourcecode.swift; path = SceneDelegate.swift; sourceTree = "<group>"; };
		04ECDD1D265B45A400A84FAF /* ViewController.swift */ = {isa = PBXFileReference; lastKnownFileType = sourcecode.swift; path = ViewController.swift; sourceTree = "<group>"; };
		04ECDD20265B45A400A84FAF /* Base */ = {isa = PBXFileReference; lastKnownFileType = file.storyboard; name = Base; path = Base.lproj/Main.storyboard; sourceTree = "<group>"; };
		04ECDD22265B45A400A84FAF /* Assets.xcassets */ = {isa = PBXFileReference; lastKnownFileType = folder.assetcatalog; path = Assets.xcassets; sourceTree = "<group>"; };
		04ECDD25265B45A400A84FAF /* Base */ = {isa = PBXFileReference; lastKnownFileType = file.storyboard; name = Base; path = Base.lproj/LaunchScreen.storyboard; sourceTree = "<group>"; };
		04ECDD27265B45A400A84FAF /* Info.plist */ = {isa = PBXFileReference; lastKnownFileType = text.plist.xml; path = Info.plist; sourceTree = "<group>"; };
/* End PBXFileReference section */

/* Begin PBXFrameworksBuildPhase section */
		04ECDD13265B45A400A84FAF /* Frameworks */ = {
			isa = PBXFrameworksBuildPhase;
			buildActionMask = 2147483647;
			files = (
			);
			runOnlyForDeploymentPostprocessing = 0;
		};
/* End PBXFrameworksBuildPhase section */

/* Begin PBXGroup section */
		045BCD4626622E2600AB862E /* ViewMode */ = {
			isa = PBXGroup;
			children = (
				045BCD4726622E6A00AB862E /* PortraitModeView.swift */,
				045BCD492662377400AB862E /* LanScapeModeView.swift */,
			);
			path = ViewMode;
			sourceTree = "<group>";
		};
		04E34C642660CD2F004628A4 /* SideBar */ = {
			isa = PBXGroup;
			children = (
				04E34C622660CC37004628A4 /* SideMenuController.swift */,
			);
			path = SideBar;
			sourceTree = "<group>";
		};
		04E34C692660D880004628A4 /* Theme */ = {
			isa = PBXGroup;
			children = (
				04E34C6A2660D8A9004628A4 /* Styles.swift */,
			);
			path = Theme;
			sourceTree = "<group>";
		};
		04ECDD0D265B45A400A84FAF = {
			isa = PBXGroup;
			children = (
				04ECDD18265B45A400A84FAF /* Calculator */,
				04ECDD17265B45A400A84FAF /* Products */,
			);
			sourceTree = "<group>";
		};
		04ECDD17265B45A400A84FAF /* Products */ = {
			isa = PBXGroup;
			children = (
				04ECDD16265B45A400A84FAF /* Calculator.app */,
			);
			name = Products;
			sourceTree = "<group>";
		};
		04ECDD18265B45A400A84FAF /* Calculator */ = {
			isa = PBXGroup;
			children = (
				045BCD4626622E2600AB862E /* ViewMode */,
				04E34C692660D880004628A4 /* Theme */,
				04E34C642660CD2F004628A4 /* SideBar */,
				04ECDD19265B45A400A84FAF /* AppDelegate.swift */,
				04ECDD1B265B45A400A84FAF /* SceneDelegate.swift */,
				04ECDD1D265B45A400A84FAF /* ViewController.swift */,
				04ECDD1F265B45A400A84FAF /* Main.storyboard */,
				04ECDD22265B45A400A84FAF /* Assets.xcassets */,
				04ECDD24265B45A400A84FAF /* LaunchScreen.storyboard */,
				04ECDD27265B45A400A84FAF /* Info.plist */,
				044EB9EA265E465D008F1331 /* ModRoundedButton.swift */,
				04E34C5E266094C5004628A4 /* Calculating.swift */,
			);
			path = Calculator;
			sourceTree = "<group>";
		};
/* End PBXGroup section */

/* Begin PBXNativeTarget section */
		04ECDD15265B45A400A84FAF /* Calculator */ = {
			isa = PBXNativeTarget;
			buildConfigurationList = 04ECDD2A265B45A400A84FAF /* Build configuration list for PBXNativeTarget "Calculator" */;
			buildPhases = (
				04ECDD12265B45A400A84FAF /* Sources */,
				04ECDD13265B45A400A84FAF /* Frameworks */,
				04ECDD14265B45A400A84FAF /* Resources */,
			);
			buildRules = (
			);
			dependencies = (
			);
			name = Calculator;
			productName = Calculator;
			productReference = 04ECDD16265B45A400A84FAF /* Calculator.app */;
			productType = "com.apple.product-type.application";
		};
/* End PBXNativeTarget section */

/* Begin PBXProject section */
		04ECDD0E265B45A400A84FAF /* Project object */ = {
			isa = PBXProject;
			attributes = {
				LastSwiftUpdateCheck = 1250;
				LastUpgradeCheck = 1250;
				TargetAttributes = {
					04ECDD15265B45A400A84FAF = {
						CreatedOnToolsVersion = 12.5;
					};
				};
			};
			buildConfigurationList = 04ECDD11265B45A400A84FAF /* Build configuration list for PBXProject "Calculator" */;
			compatibilityVersion = "Xcode 9.3";
			developmentRegion = en;
			hasScannedForEncodings = 0;
			knownRegions = (
				en,
				Base,
			);
			mainGroup = 04ECDD0D265B45A400A84FAF;
			productRefGroup = 04ECDD17265B45A400A84FAF /* Products */;
			projectDirPath = "";
			projectRoot = "";
			targets = (
				04ECDD15265B45A400A84FAF /* Calculator */,
			);
		};
/* End PBXProject section */

/* Begin PBXResourcesBuildPhase section */
		04ECDD14265B45A400A84FAF /* Resources */ = {
			isa = PBXResourcesBuildPhase;
			buildActionMask = 2147483647;
			files = (
				04ECDD26265B45A400A84FAF /* LaunchScreen.storyboard in Resources */,
				04ECDD23265B45A400A84FAF /* Assets.xcassets in Resources */,
				04ECDD21265B45A400A84FAF /* Main.storyboard in Resources */,
			);
			runOnlyForDeploymentPostprocessing = 0;
		};
/* End PBXResourcesBuildPhase section */

/* Begin PBXSourcesBuildPhase section */
		04ECDD12265B45A400A84FAF /* Sources */ = {
			isa = PBXSourcesBuildPhase;
			buildActionMask = 2147483647;
			files = (
				04E34C6B2660D8A9004628A4 /* Styles.swift in Sources */,
				045BCD4A2662377400AB862E /* LanScapeModeView.swift in Sources */,
				04ECDD1E265B45A400A84FAF /* ViewController.swift in Sources */,
				04E34C632660CC37004628A4 /* SideMenuController.swift in Sources */,
				04ECDD1A265B45A400A84FAF /* AppDelegate.swift in Sources */,
				04E34C5F266094C5004628A4 /* Calculating.swift in Sources */,
				044EB9EB265E465D008F1331 /* ModRoundedButton.swift in Sources */,
				045BCD4826622E6A00AB862E /* PortraitModeView.swift in Sources */,
				04ECDD1C265B45A400A84FAF /* SceneDelegate.swift in Sources */,
			);
			runOnlyForDeploymentPostprocessing = 0;
		};
/* End PBXSourcesBuildPhase section */

/* Begin PBXVariantGroup section */
		04ECDD1F265B45A400A84FAF /* Main.storyboard */ = {
			isa = PBXVariantGroup;
			children = (
				04ECDD20265B45A400A84FAF /* Base */,
			);
			name = Main.storyboard;
			sourceTree = "<group>";
		};
		04ECDD24265B45A400A84FAF /* LaunchScreen.storyboard */ = {
			isa = PBXVariantGroup;
			children = (
				04ECDD25265B45A400A84FAF /* Base */,
			);
			name = LaunchScreen.storyboard;
			sourceTree = "<group>";
		};
/* End PBXVariantGroup section */

/* Begin XCBuildConfiguration section */
		04ECDD28265B45A400A84FAF /* Debug */ = {
			isa = XCBuildConfiguration;
			buildSettings = {
				ALWAYS_SEARCH_USER_PATHS = NO;
				CLANG_ANALYZER_NONNULL = YES;
				CLANG_ANALYZER_NUMBER_OBJECT_CONVERSION = YES_AGGRESSIVE;
				CLANG_CXX_LANGUAGE_STANDARD = "gnu++14";
				CLANG_CXX_LIBRARY = "libc++";
				CLANG_ENABLE_MODULES = YES;
				CLANG_ENABLE_OBJC_ARC = YES;
				CLANG_ENABLE_OBJC_WEAK = YES;
				CLANG_WARN_BLOCK_CAPTURE_AUTORELEASING = YES;
				CLANG_WARN_BOOL_CONVERSION = YES;
				CLANG_WARN_COMMA = YES;
				CLANG_WARN_CONSTANT_CONVERSION = YES;
				CLANG_WARN_DEPRECATED_OBJC_IMPLEMENTATIONS = YES;
				CLANG_WARN_DIRECT_OBJC_ISA_USAGE = YES_ERROR;
				CLANG_WARN_DOCUMENTATION_COMMENTS = YES;
				CLANG_WARN_EMPTY_BODY = YES;
				CLANG_WARN_ENUM_CONVERSION = YES;
				CLANG_WARN_INFINITE_RECURSION = YES;
				CLANG_WARN_INT_CONVERSION = YES;
				CLANG_WARN_NON_LITERAL_NULL_CONVERSION = YES;
				CLANG_WARN_OBJC_IMPLICIT_RETAIN_SELF = YES;
				CLANG_WARN_OBJC_LITERAL_CONVERSION = YES;
				CLANG_WARN_OBJC_ROOT_CLASS = YES_ERROR;
				CLANG_WARN_QUOTED_INCLUDE_IN_FRAMEWORK_HEADER = YES;
				CLANG_WARN_RANGE_LOOP_ANALYSIS = YES;
				CLANG_WARN_STRICT_PROTOTYPES = YES;
				CLANG_WARN_SUSPICIOUS_MOVE = YES;
				CLANG_WARN_UNGUARDED_AVAILABILITY = YES_AGGRESSIVE;
				CLANG_WARN_UNREACHABLE_CODE = YES;
				CLANG_WARN__DUPLICATE_METHOD_MATCH = YES;
				COPY_PHASE_STRIP = NO;
				DEBUG_INFORMATION_FORMAT = dwarf;
				ENABLE_STRICT_OBJC_MSGSEND = YES;
				ENABLE_TESTABILITY = YES;
				GCC_C_LANGUAGE_STANDARD = gnu11;
				GCC_DYNAMIC_NO_PIC = NO;
				GCC_NO_COMMON_BLOCKS = YES;
				GCC_OPTIMIZATION_LEVEL = 0;
				GCC_PREPROCESSOR_DEFINITIONS = (
					"DEBUG=1",
					"$(inherited)",
				);
				GCC_WARN_64_TO_32_BIT_CONVERSION = YES;
				GCC_WARN_ABOUT_RETURN_TYPE = YES_ERROR;
				GCC_WARN_UNDECLARED_SELECTOR = YES;
				GCC_WARN_UNINITIALIZED_AUTOS = YES_AGGRESSIVE;
				GCC_WARN_UNUSED_FUNCTION = YES;
				GCC_WARN_UNUSED_VARIABLE = YES;
				IPHONEOS_DEPLOYMENT_TARGET = 14.5;
				MTL_ENABLE_DEBUG_INFO = INCLUDE_SOURCE;
				MTL_FAST_MATH = YES;
				ONLY_ACTIVE_ARCH = YES;
				SDKROOT = iphoneos;
				SWIFT_ACTIVE_COMPILATION_CONDITIONS = DEBUG;
				SWIFT_OPTIMIZATION_LEVEL = "-Onone";
			};
			name = Debug;
		};
		04ECDD29265B45A400A84FAF /* Release */ = {
			isa = XCBuildConfiguration;
			buildSettings = {
				ALWAYS_SEARCH_USER_PATHS = NO;
				CLANG_ANALYZER_NONNULL = YES;
				CLANG_ANALYZER_NUMBER_OBJECT_CONVERSION = YES_AGGRESSIVE;
				CLANG_CXX_LANGUAGE_STANDARD = "gnu++14";
				CLANG_CXX_LIBRARY = "libc++";
				CLANG_ENABLE_MODULES = YES;
				CLANG_ENABLE_OBJC_ARC = YES;
				CLANG_ENABLE_OBJC_WEAK = YES;
				CLANG_WARN_BLOCK_CAPTURE_AUTORELEASING = YES;
				CLANG_WARN_BOOL_CONVERSION = YES;
				CLANG_WARN_COMMA = YES;
				CLANG_WARN_CONSTANT_CONVERSION = YES;
				CLANG_WARN_DEPRECATED_OBJC_IMPLEMENTATIONS = YES;
				CLANG_WARN_DIRECT_OBJC_ISA_USAGE = YES_ERROR;
				CLANG_WARN_DOCUMENTATION_COMMENTS = YES;
				CLANG_WARN_EMPTY_BODY = YES;
				CLANG_WARN_ENUM_CONVERSION = YES;
				CLANG_WARN_INFINITE_RECURSION = YES;
				CLANG_WARN_INT_CONVERSION = YES;
				CLANG_WARN_NON_LITERAL_NULL_CONVERSION = YES;
				CLANG_WARN_OBJC_IMPLICIT_RETAIN_SELF = YES;
				CLANG_WARN_OBJC_LITERAL_CONVERSION = YES;
				CLANG_WARN_OBJC_ROOT_CLASS = YES_ERROR;
				CLANG_WARN_QUOTED_INCLUDE_IN_FRAMEWORK_HEADER = YES;
				CLANG_WARN_RANGE_LOOP_ANALYSIS = YES;
				CLANG_WARN_STRICT_PROTOTYPES = YES;
				CLANG_WARN_SUSPICIOUS_MOVE = YES;
				CLANG_WARN_UNGUARDED_AVAILABILITY = YES_AGGRESSIVE;
				CLANG_WARN_UNREACHABLE_CODE = YES;
				CLANG_WARN__DUPLICATE_METHOD_MATCH = YES;
				COPY_PHASE_STRIP = NO;
				DEBUG_INFORMATION_FORMAT = "dwarf-with-dsym";
				ENABLE_NS_ASSERTIONS = NO;
				ENABLE_STRICT_OBJC_MSGSEND = YES;
				GCC_C_LANGUAGE_STANDARD = gnu11;
				GCC_NO_COMMON_BLOCKS = YES;
				GCC_WARN_64_TO_32_BIT_CONVERSION = YES;
				GCC_WARN_ABOUT_RETURN_TYPE = YES_ERROR;
				GCC_WARN_UNDECLARED_SELECTOR = YES;
				GCC_WARN_UNINITIALIZED_AUTOS = YES_AGGRESSIVE;
				GCC_WARN_UNUSED_FUNCTION = YES;
				GCC_WARN_UNUSED_VARIABLE = YES;
				IPHONEOS_DEPLOYMENT_TARGET = 14.5;
				MTL_ENABLE_DEBUG_INFO = NO;
				MTL_FAST_MATH = YES;
				SDKROOT = iphoneos;
				SWIFT_COMPILATION_MODE = wholemodule;
				SWIFT_OPTIMIZATION_LEVEL = "-O";
				VALIDATE_PRODUCT = YES;
			};
			name = Release;
		};
		04ECDD2B265B45A400A84FAF /* Debug */ = {
			isa = XCBuildConfiguration;
			buildSettings = {
				ASSETCATALOG_COMPILER_APPICON_NAME = AppIcon;
				ASSETCATALOG_COMPILER_GLOBAL_ACCENT_COLOR_NAME = AccentColor;
				CODE_SIGN_STYLE = Automatic;
				DEVELOPMENT_TEAM = PTF8YFTTVF;
				INFOPLIST_FILE = Calculator/Info.plist;
				LD_RUNPATH_SEARCH_PATHS = (
					"$(inherited)",
					"@executable_path/Frameworks",
				);
				PRODUCT_BUNDLE_IDENTIFIER = aaa.Calculator;
				PRODUCT_NAME = "$(TARGET_NAME)";
				SWIFT_VERSION = 5.0;
				TARGETED_DEVICE_FAMILY = "1,2";
			};
			name = Debug;
		};
		04ECDD2C265B45A400A84FAF /* Release */ = {
			isa = XCBuildConfiguration;
			buildSettings = {
				ASSETCATALOG_COMPILER_APPICON_NAME = AppIcon;
				ASSETCATALOG_COMPILER_GLOBAL_ACCENT_COLOR_NAME = AccentColor;
				CODE_SIGN_STYLE = Automatic;
				DEVELOPMENT_TEAM = PTF8YFTTVF;
				INFOPLIST_FILE = Calculator/Info.plist;
				LD_RUNPATH_SEARCH_PATHS = (
					"$(inherited)",
					"@executable_path/Frameworks",
				);
				PRODUCT_BUNDLE_IDENTIFIER = aaa.Calculator;
				PRODUCT_NAME = "$(TARGET_NAME)";
				SWIFT_VERSION = 5.0;
				TARGETED_DEVICE_FAMILY = "1,2";
			};
			name = Release;
		};
/* End XCBuildConfiguration section */

/* Begin XCConfigurationList section */
		04ECDD11265B45A400A84FAF /* Build configuration list for PBXProject "Calculator" */ = {
			isa = XCConfigurationList;
			buildConfigurations = (
				04ECDD28265B45A400A84FAF /* Debug */,
				04ECDD29265B45A400A84FAF /* Release */,
			);
			defaultConfigurationIsVisible = 0;
			defaultConfigurationName = Release;
		};
		04ECDD2A265B45A400A84FAF /* Build configuration list for PBXNativeTarget "Calculator" */ = {
			isa = XCConfigurationList;
			buildConfigurations = (
				04ECDD2B265B45A400A84FAF /* Debug */,
				04ECDD2C265B45A400A84FAF /* Release */,
			);
			defaultConfigurationIsVisible = 0;
			defaultConfigurationName = Release;
		};
/* End XCConfigurationList section */
	};
	rootObject = 04ECDD0E265B45A400A84FAF /* Project object */;
}
